
Microsoft Visual Studio Solution File, Format Version 12.00
# Visual Studio Version 16
VisualStudioVersion = 16.0.30907.101
MinimumVisualStudioVersion = 10.0.40219.1
Project("{FAE04EC0-301F-11D3-BF4B-00C04F79EFBC}") = "TechnicalTest", "TechnicalTest.csproj", "{092877A0-72D4-4D13-BD24-1F0BA6388EEA}"
EndProject
Project("{00D1A9C2-B5F0-4AF3-8072-F6C62B433612}") = "TechnicalTestDB", "..\TechnicalTestDB\TechnicalTestDB.sqlproj", "{EE53A410-E7CB-41FF-AB31-14578D78BEA1}"
EndProject
Project("{FAE04EC0-301F-11D3-BF4B-00C04F79EFBC}") = "DataLibrary", "..\DataLibrary\DataLibrary.csproj", "{DACA3BE2-ACA0-4679-BAD6-2E01833F13FD}"
EndProject
Global
	GlobalSection(SolutionConfigurationPlatforms) = preSolution
		Debug|Any CPU = Debug|Any CPU
		Release|Any CPU = Release|Any CPU
	EndGlobalSection
	GlobalSection(ProjectConfigurationPlatforms) = postSolution
		{092877A0-72D4-4D13-BD24-1F0BA6388EEA}.Debug|Any CPU.ActiveCfg = Debug|Any CPU
		{092877A0-72D4-4D13-BD24-1F0BA6388EEA}.Debug|Any CPU.Build.0 = Debug|Any CPU
		{092877A0-72D4-4D13-BD24-1F0BA6388EEA}.Release|Any CPU.ActiveCfg = Release|Any CPU
		{092877A0-72D4-4D13-BD24-1F0BA6388EEA}.Release|Any CPU.Build.0 = Release|Any CPU
		{EE53A410-E7CB-41FF-AB31-14578D78BEA1}.Debug|Any CPU.ActiveCfg = Debug|Any CPU
		{EE53A410-E7CB-41FF-AB31-14578D78BEA1}.Debug|Any CPU.Build.0 = Debug|Any CPU
		{EE53A410-E7CB-41FF-AB31-14578D78BEA1}.Debug|Any CPU.Deploy.0 = Debug|Any CPU
		{EE53A410-E7CB-41FF-AB31-14578D78BEA1}.Release|Any CPU.ActiveCfg = Release|Any CPU
		{EE53A410-E7CB-41FF-AB31-14578D78BEA1}.Release|Any CPU.Build.0 = Release|Any CPU
		{EE53A410-E7CB-41FF-AB31-14578D78BEA1}.Release|Any CPU.Deploy.0 = Release|Any CPU
		{DACA3BE2-ACA0-4679-BAD6-2E01833F13FD}.Debug|Any CPU.ActiveCfg = Debug|Any CPU
		{DACA3BE2-ACA0-4679-BAD6-2E01833F13FD}.Debug|Any CPU.Build.0 = Debug|Any CPU
		{DACA3BE2-ACA0-4679-BAD6-2E01833F13FD}.Release|Any CPU.ActiveCfg = Release|Any CPU
		{DACA3BE2-ACA0-4679-BAD6-2E01833F13FD}.Release|Any CPU.Build.0 = Release|Any CPU
	EndGlobalSection
	GlobalSection(SolutionProperties) = preSolution
		HideSolutionNode = FALSE
	EndGlobalSection
	GlobalSection(ExtensibilityGlobals) = postSolution
		SolutionGuid = {E47A341D-E9EB-4749-B1D7-29C741F8227C}
	EndGlobalSection
EndGlobal
